
Microsoft Visual Studio Solution File, Format Version 12.00
# Visual Studio Version 17
VisualStudioVersion = 17.7.34018.315
MinimumVisualStudioVersion = 10.0.40219.1
Project("{9A19103F-16F7-4668-BE54-9A1E7A4F7556}") = "BT7", "BT7\BT7.csproj", "{808A44B9-C613-40A8-A6D5-920C763B6950}"
EndProject
Project("{FAE04EC0-301F-11D3-BF4B-00C04F79EFBC}") = "BT1M1", "BT1M1\BT1M1.csproj", "{FD381B7E-BE0C-4D64-BAA5-A0F10F9D643D}"
EndProject
Global
	GlobalSection(SolutionConfigurationPlatforms) = preSolution
		Debug|Any CPU = Debug|Any CPU
		Release|Any CPU = Release|Any CPU
	EndGlobalSection
	GlobalSection(ProjectConfigurationPlatforms) = postSolution
		{808A44B9-C613-40A8-A6D5-920C763B6950}.Debug|Any CPU.ActiveCfg = Debug|Any CPU
		{808A44B9-C613-40A8-A6D5-920C763B6950}.Debug|Any CPU.Build.0 = Debug|Any CPU
		{808A44B9-C613-40A8-A6D5-920C763B6950}.Release|Any CPU.ActiveCfg = Release|Any CPU
		{808A44B9-C613-40A8-A6D5-920C763B6950}.Release|Any CPU.Build.0 = Release|Any CPU
		{FD381B7E-BE0C-4D64-BAA5-A0F10F9D643D}.Debug|Any CPU.ActiveCfg = Debug|Any CPU
		{FD381B7E-BE0C-4D64-BAA5-A0F10F9D643D}.Debug|Any CPU.Build.0 = Debug|Any CPU
		{FD381B7E-BE0C-4D64-BAA5-A0F10F9D643D}.Release|Any CPU.ActiveCfg = Release|Any CPU
		{FD381B7E-BE0C-4D64-BAA5-A0F10F9D643D}.Release|Any CPU.Build.0 = Release|Any CPU
	EndGlobalSection
	GlobalSection(SolutionProperties) = preSolution
		HideSolutionNode = FALSE
	EndGlobalSection
	GlobalSection(ExtensibilityGlobals) = postSolution
		SolutionGuid = {6F99539C-507E-4304-8924-FCDA7FDBD921}
	EndGlobalSection
EndGlobal
